
Microsoft Visual Studio Solution File, Format Version 12.00
Project("{FAE04EC0-301F-11D3-BF4B-00C04F79EFBC}") = "SEP4DataWarehouse", "SEP4DataWarehouse\SEP4DataWarehouse.csproj", "{FCEBAA87-5152-4EFD-9DF5-090EB9811288}"
EndProject
Project("{FAE04EC0-301F-11D3-BF4B-00C04F79EFBC}") = "Test", "Test\Test.csproj", "{01BD5D60-EEEB-4FC9-A476-2D6C7D1C81C8}"
EndProject
Global
	GlobalSection(SolutionConfigurationPlatforms) = preSolution
		Debug|Any CPU = Debug|Any CPU
		Release|Any CPU = Release|Any CPU
	EndGlobalSection
	GlobalSection(ProjectConfigurationPlatforms) = postSolution
		{FCEBAA87-5152-4EFD-9DF5-090EB9811288}.Debug|Any CPU.ActiveCfg = Debug|Any CPU
		{FCEBAA87-5152-4EFD-9DF5-090EB9811288}.Debug|Any CPU.Build.0 = Debug|Any CPU
		{FCEBAA87-5152-4EFD-9DF5-090EB9811288}.Release|Any CPU.ActiveCfg = Release|Any CPU
		{FCEBAA87-5152-4EFD-9DF5-090EB9811288}.Release|Any CPU.Build.0 = Release|Any CPU
		{01BD5D60-EEEB-4FC9-A476-2D6C7D1C81C8}.Debug|Any CPU.ActiveCfg = Debug|Any CPU
		{01BD5D60-EEEB-4FC9-A476-2D6C7D1C81C8}.Debug|Any CPU.Build.0 = Debug|Any CPU
		{01BD5D60-EEEB-4FC9-A476-2D6C7D1C81C8}.Release|Any CPU.ActiveCfg = Release|Any CPU
		{01BD5D60-EEEB-4FC9-A476-2D6C7D1C81C8}.Release|Any CPU.Build.0 = Release|Any CPU
	EndGlobalSection
EndGlobal
